
Microsoft Visual Studio Solution File, Format Version 12.00
# Visual Studio 15
Project("{FAE04EC0-301F-11D3-BF4B-00C04F79EFBC}") = "Assembly-CSharp", "Assembly-CSharp.csproj", "{C84294E5-80BC-02C0-86F4-883738B2CD7A}"
EndProject
Project("{FAE04EC0-301F-11D3-BF4B-00C04F79EFBC}") = "Assembly-CSharp-Editor", "Assembly-CSharp-Editor.csproj", "{EC8EB69A-B694-B80E-664A-119450D00773}"
EndProject
Project("{FAE04EC0-301F-11D3-BF4B-00C04F79EFBC}") = "Assembly-CSharp-Editor-firstpass", "Assembly-CSharp-Editor-firstpass.csproj", "{9C0AB606-71E7-A4F7-2AA6-D81CC9290CE5}"
EndProject
Global
	GlobalSection(SolutionConfigurationPlatforms) = preSolution
		Debug|Any CPU = Debug|Any CPU
		Release|Any CPU = Release|Any CPU
	EndGlobalSection
	GlobalSection(ProjectConfigurationPlatforms) = postSolution
		{C84294E5-80BC-02C0-86F4-883738B2CD7A}.Debug|Any CPU.ActiveCfg = Debug|Any CPU
		{C84294E5-80BC-02C0-86F4-883738B2CD7A}.Debug|Any CPU.Build.0 = Debug|Any CPU
		{C84294E5-80BC-02C0-86F4-883738B2CD7A}.Release|Any CPU.ActiveCfg = Release|Any CPU
		{C84294E5-80BC-02C0-86F4-883738B2CD7A}.Release|Any CPU.Build.0 = Release|Any CPU
		{EC8EB69A-B694-B80E-664A-119450D00773}.Debug|Any CPU.ActiveCfg = Debug|Any CPU
		{EC8EB69A-B694-B80E-664A-119450D00773}.Debug|Any CPU.Build.0 = Debug|Any CPU
		{EC8EB69A-B694-B80E-664A-119450D00773}.Release|Any CPU.ActiveCfg = Release|Any CPU
		{EC8EB69A-B694-B80E-664A-119450D00773}.Release|Any CPU.Build.0 = Release|Any CPU
		{9C0AB606-71E7-A4F7-2AA6-D81CC9290CE5}.Debug|Any CPU.ActiveCfg = Debug|Any CPU
		{9C0AB606-71E7-A4F7-2AA6-D81CC9290CE5}.Debug|Any CPU.Build.0 = Debug|Any CPU
		{9C0AB606-71E7-A4F7-2AA6-D81CC9290CE5}.Release|Any CPU.ActiveCfg = Release|Any CPU
		{9C0AB606-71E7-A4F7-2AA6-D81CC9290CE5}.Release|Any CPU.Build.0 = Release|Any CPU
	EndGlobalSection
	GlobalSection(SolutionProperties) = preSolution
		HideSolutionNode = FALSE
	EndGlobalSection
EndGlobal
